
Microsoft Visual Studio Solution File, Format Version 12.00
Project("{FAE04EC0-301F-11D3-BF4B-00C04F79EFBC}") = "AMSI", "AMSI.csproj", "{58F9465D-A74D-4AF5-82ED-CA43103018DD}"
EndProject
Global
	GlobalSection(SolutionConfigurationPlatforms) = preSolution
		Debug|Any CPU = Debug|Any CPU
		Release|Any CPU = Release|Any CPU
	EndGlobalSection
	GlobalSection(ProjectConfigurationPlatforms) = postSolution
		{58F9465D-A74D-4AF5-82ED-CA43103018DD}.Debug|Any CPU.ActiveCfg = Debug|Any CPU
		{58F9465D-A74D-4AF5-82ED-CA43103018DD}.Debug|Any CPU.Build.0 = Debug|Any CPU
		{58F9465D-A74D-4AF5-82ED-CA43103018DD}.Release|Any CPU.ActiveCfg = Release|Any CPU
		{58F9465D-A74D-4AF5-82ED-CA43103018DD}.Release|Any CPU.Build.0 = Release|Any CPU
	EndGlobalSection
EndGlobal
